// !$*UTF8*$!
{
	archiveVersion = 1;
	classes = {
	};
	objectVersion = 42;
	objects = {

/* Begin PBXBuildFile section */
		53548FA21114245A00A4CAE3 /* SDL.framework in Frameworks */ = {isa = PBXBuildFile; fileRef = 53548F9C1114245A00A4CAE3 /* SDL.framework */; };
		53548FA31114245A00A4CAE3 /* ofxSDLAppWindow.cpp in Sources */ = {isa = PBXBuildFile; fileRef = 53548FA01114245A00A4CAE3 /* ofxSDLAppWindow.cpp */; };
		53548FCD1114247600A4CAE3 /* SDL.framework in CopyFiles */ = {isa = PBXBuildFile; fileRef = 53548F9C1114245A00A4CAE3 /* SDL.framework */; };
		535494671114D32200A4CAE3 /* openFrameworksDebug.a in Frameworks */ = {isa = PBXBuildFile; fileRef = 535493641114CCFC00A4CAE3 /* openFrameworksDebug.a */; };
		5354946A1114D33E00A4CAE3 /* GLee.a in Frameworks */ = {isa = PBXBuildFile; fileRef = E45BE0A90E8CC67C009D7055 /* GLee.a */; };
		5354946B1114D36500A4CAE3 /* libfmodex.dylib in Frameworks */ = {isa = PBXBuildFile; fileRef = E4C242CC10CC650E004149E2 /* libfmodex.dylib */; };
		5354946D1114D3C000A4CAE3 /* freetype.a in Frameworks */ = {isa = PBXBuildFile; fileRef = E4C2429310CC5C38004149E2 /* freetype.a */; };
		535494871114D50400A4CAE3 /* SDLMain.m in Sources */ = {isa = PBXBuildFile; fileRef = 5354901E1114281000A4CAE3 /* SDLMain.m */; };
		E45BE2E40E8CC69C009D7055 /* rtAudio.a in Frameworks */ = {isa = PBXBuildFile; fileRef = E45BE2E30E8CC69C009D7055 /* rtAudio.a */; };
		E45BE97B0E8CC7DD009D7055 /* AGL.framework in Frameworks */ = {isa = PBXBuildFile; fileRef = E45BE9710E8CC7DD009D7055 /* AGL.framework */; };
		E45BE97C0E8CC7DD009D7055 /* ApplicationServices.framework in Frameworks */ = {isa = PBXBuildFile; fileRef = E45BE9720E8CC7DD009D7055 /* ApplicationServices.framework */; };
		E45BE97D0E8CC7DD009D7055 /* AudioToolbox.framework in Frameworks */ = {isa = PBXBuildFile; fileRef = E45BE9730E8CC7DD009D7055 /* AudioToolbox.framework */; };
		E45BE97E0E8CC7DD009D7055 /* Carbon.framework in Frameworks */ = {isa = PBXBuildFile; fileRef = E45BE9740E8CC7DD009D7055 /* Carbon.framework */; };
		E45BE97F0E8CC7DD009D7055 /* CoreAudio.framework in Frameworks */ = {isa = PBXBuildFile; fileRef = E45BE9750E8CC7DD009D7055 /* CoreAudio.framework */; };
		E45BE9800E8CC7DD009D7055 /* CoreFoundation.framework in Frameworks */ = {isa = PBXBuildFile; fileRef = E45BE9760E8CC7DD009D7055 /* CoreFoundation.framework */; };
		E45BE9810E8CC7DD009D7055 /* CoreServices.framework in Frameworks */ = {isa = PBXBuildFile; fileRef = E45BE9770E8CC7DD009D7055 /* CoreServices.framework */; };
		E45BE9830E8CC7DD009D7055 /* OpenGL.framework in Frameworks */ = {isa = PBXBuildFile; fileRef = E45BE9790E8CC7DD009D7055 /* OpenGL.framework */; };
		E45BE9840E8CC7DD009D7055 /* QuickTime.framework in Frameworks */ = {isa = PBXBuildFile; fileRef = E45BE97A0E8CC7DD009D7055 /* QuickTime.framework */; };
		E4B69E200A3A1BDC003C02F2 /* main.cpp in Sources */ = {isa = PBXBuildFile; fileRef = E4B69E1D0A3A1BDC003C02F2 /* main.cpp */; };
		E4B69E210A3A1BDC003C02F2 /* testApp.cpp in Sources */ = {isa = PBXBuildFile; fileRef = E4B69E1E0A3A1BDC003C02F2 /* testApp.cpp */; };
		E4C2424710CC5A17004149E2 /* AppKit.framework in Frameworks */ = {isa = PBXBuildFile; fileRef = E4C2424410CC5A17004149E2 /* AppKit.framework */; };
		E4C2424810CC5A17004149E2 /* Cocoa.framework in Frameworks */ = {isa = PBXBuildFile; fileRef = E4C2424510CC5A17004149E2 /* Cocoa.framework */; };
		E4C2424910CC5A17004149E2 /* IOKit.framework in Frameworks */ = {isa = PBXBuildFile; fileRef = E4C2424610CC5A17004149E2 /* IOKit.framework */; };
		E4C2427F10CC5B66004149E2 /* CppUnit.a in Frameworks */ = {isa = PBXBuildFile; fileRef = E4C2427A10CC5B66004149E2 /* CppUnit.a */; };
		E4C2428010CC5B66004149E2 /* PocoFoundation.a in Frameworks */ = {isa = PBXBuildFile; fileRef = E4C2427B10CC5B66004149E2 /* PocoFoundation.a */; };
		E4C2428110CC5B66004149E2 /* PocoNet.a in Frameworks */ = {isa = PBXBuildFile; fileRef = E4C2427C10CC5B66004149E2 /* PocoNet.a */; };
		E4C2428210CC5B66004149E2 /* PocoUtil.a in Frameworks */ = {isa = PBXBuildFile; fileRef = E4C2427D10CC5B66004149E2 /* PocoUtil.a */; };
		E4C2428310CC5B66004149E2 /* PocoXML.a in Frameworks */ = {isa = PBXBuildFile; fileRef = E4C2427E10CC5B66004149E2 /* PocoXML.a */; };
		E4C246DA10CCAE22004149E2 /* freeimage.a in Frameworks */ = {isa = PBXBuildFile; fileRef = E4C246D910CCAE22004149E2 /* freeimage.a */; };
/* End PBXBuildFile section */

/* Begin PBXContainerItemProxy section */
		535493631114CCFC00A4CAE3 /* PBXContainerItemProxy */ = {
			isa = PBXContainerItemProxy;
			containerPortal = E4C2421610CC549C004149E2 /* openFrameworksLib.xcodeproj */;
			proxyType = 2;
			remoteGlobalIDString = E4B27C1510CBEB8E00536013;
			remoteInfo = openFrameworks;
		};
/* End PBXContainerItemProxy section */

/* Begin PBXCopyFilesBuildPhase section */
		E4C2427710CC5ABF004149E2 /* CopyFiles */ = {
			isa = PBXCopyFilesBuildPhase;
			buildActionMask = 2147483647;
			dstPath = "";
			dstSubfolderSpec = 10;
			files = (
				53548FCD1114247600A4CAE3 /* SDL.framework in CopyFiles */,
			);
			runOnlyForDeploymentPostprocessing = 0;
		};
/* End PBXCopyFilesBuildPhase section */

/* Begin PBXFileReference section */
		53548F9C1114245A00A4CAE3 /* SDL.framework */ = {isa = PBXFileReference; lastKnownFileType = wrapper.framework; path = SDL.framework; sourceTree = "<group>"; };
		53548F9E1114245A00A4CAE3 /* ofxSDL.h */ = {isa = PBXFileReference; fileEncoding = 4; lastKnownFileType = sourcecode.c.h; path = ofxSDL.h; sourceTree = "<group>"; };
		53548F9F1114245A00A4CAE3 /* ofxSDLApp.h */ = {isa = PBXFileReference; fileEncoding = 4; lastKnownFileType = sourcecode.c.h; path = ofxSDLApp.h; sourceTree = "<group>"; };
		53548FA01114245A00A4CAE3 /* ofxSDLAppWindow.cpp */ = {isa = PBXFileReference; fileEncoding = 4; lastKnownFileType = sourcecode.cpp.cpp; path = ofxSDLAppWindow.cpp; sourceTree = "<group>"; };
		53548FA11114245A00A4CAE3 /* ofxSDLAppWindow.h */ = {isa = PBXFileReference; fileEncoding = 4; lastKnownFileType = sourcecode.c.h; path = ofxSDLAppWindow.h; sourceTree = "<group>"; };
		5354901D1114281000A4CAE3 /* SDLMain.h */ = {isa = PBXFileReference; fileEncoding = 4; lastKnownFileType = sourcecode.c.h; path = SDLMain.h; sourceTree = "<group>"; };
		5354901E1114281000A4CAE3 /* SDLMain.m */ = {isa = PBXFileReference; fileEncoding = 4; lastKnownFileType = sourcecode.c.objc; path = SDLMain.m; sourceTree = "<group>"; };
		5354918F111447CA00A4CAE3 /* ofxSDLEvents.h */ = {isa = PBXFileReference; fileEncoding = 4; lastKnownFileType = sourcecode.c.h; path = ofxSDLEvents.h; sourceTree = "<group>"; };
		E45BE0390E8CC647009D7055 /* FreeImage.h */ = {isa = PBXFileReference; fileEncoding = 4; lastKnownFileType = sourcecode.c.h; path = FreeImage.h; sourceTree = "<group>"; };
		E45BE03F0E8CC650009D7055 /* fmod.h */ = {isa = PBXFileReference; fileEncoding = 4; lastKnownFileType = sourcecode.c.h; path = fmod.h; sourceTree = "<group>"; };
		E45BE0400E8CC650009D7055 /* fmod.hpp */ = {isa = PBXFileReference; fileEncoding = 4; lastKnownFileType = sourcecode.cpp.h; path = fmod.hpp; sourceTree = "<group>"; };
		E45BE0410E8CC650009D7055 /* fmod_codec.h */ = {isa = PBXFileReference; fileEncoding = 4; lastKnownFileType = sourcecode.c.h; path = fmod_codec.h; sourceTree = "<group>"; };
		E45BE0420E8CC650009D7055 /* fmod_dsp.h */ = {isa = PBXFileReference; fileEncoding = 4; lastKnownFileType = sourcecode.c.h; path = fmod_dsp.h; sourceTree = "<group>"; };
		E45BE0430E8CC650009D7055 /* fmod_errors.h */ = {isa = PBXFileReference; fileEncoding = 4; lastKnownFileType = sourcecode.c.h; path = fmod_errors.h; sourceTree = "<group>"; };
		E45BE0440E8CC650009D7055 /* fmod_output.h */ = {isa = PBXFileReference; fileEncoding = 4; lastKnownFileType = sourcecode.c.h; path = fmod_output.h; sourceTree = "<group>"; };
		E45BE0A70E8CC67C009D7055 /* GLee.h */ = {isa = PBXFileReference; fileEncoding = 4; lastKnownFileType = sourcecode.c.h; path = GLee.h; sourceTree = "<group>"; };
		E45BE0A90E8CC67C009D7055 /* GLee.a */ = {isa = PBXFileReference; lastKnownFileType = archive.ar; name = GLee.a; path = osx/GLee.a; sourceTree = "<group>"; };
		E45BE2E00E8CC69C009D7055 /* RtAudio.h */ = {isa = PBXFileReference; fileEncoding = 4; lastKnownFileType = sourcecode.c.h; path = RtAudio.h; sourceTree = "<group>"; };
		E45BE2E10E8CC69C009D7055 /* RtError.h */ = {isa = PBXFileReference; fileEncoding = 4; lastKnownFileType = sourcecode.c.h; path = RtError.h; sourceTree = "<group>"; };
		E45BE2E30E8CC69C009D7055 /* rtAudio.a */ = {isa = PBXFileReference; lastKnownFileType = archive.ar; name = rtAudio.a; path = osx/rtAudio.a; sourceTree = "<group>"; };
		E45BE9710E8CC7DD009D7055 /* AGL.framework */ = {isa = PBXFileReference; lastKnownFileType = wrapper.framework; name = AGL.framework; path = /System/Library/Frameworks/AGL.framework; sourceTree = "<absolute>"; };
		E45BE9720E8CC7DD009D7055 /* ApplicationServices.framework */ = {isa = PBXFileReference; lastKnownFileType = wrapper.framework; name = ApplicationServices.framework; path = /System/Library/Frameworks/ApplicationServices.framework; sourceTree = "<absolute>"; };
		E45BE9730E8CC7DD009D7055 /* AudioToolbox.framework */ = {isa = PBXFileReference; lastKnownFileType = wrapper.framework; name = AudioToolbox.framework; path = /System/Library/Frameworks/AudioToolbox.framework; sourceTree = "<absolute>"; };
		E45BE9740E8CC7DD009D7055 /* Carbon.framework */ = {isa = PBXFileReference; lastKnownFileType = wrapper.framework; name = Carbon.framework; path = /System/Library/Frameworks/Carbon.framework; sourceTree = "<absolute>"; };
		E45BE9750E8CC7DD009D7055 /* CoreAudio.framework */ = {isa = PBXFileReference; lastKnownFileType = wrapper.framework; name = CoreAudio.framework; path = /System/Library/Frameworks/CoreAudio.framework; sourceTree = "<absolute>"; };
		E45BE9760E8CC7DD009D7055 /* CoreFoundation.framework */ = {isa = PBXFileReference; lastKnownFileType = wrapper.framework; name = CoreFoundation.framework; path = /System/Library/Frameworks/CoreFoundation.framework; sourceTree = "<absolute>"; };
		E45BE9770E8CC7DD009D7055 /* CoreServices.framework */ = {isa = PBXFileReference; lastKnownFileType = wrapper.framework; name = CoreServices.framework; path = /System/Library/Frameworks/CoreServices.framework; sourceTree = "<absolute>"; };
		E45BE9790E8CC7DD009D7055 /* OpenGL.framework */ = {isa = PBXFileReference; lastKnownFileType = wrapper.framework; name = OpenGL.framework; path = /System/Library/Frameworks/OpenGL.framework; sourceTree = "<absolute>"; };
		E45BE97A0E8CC7DD009D7055 /* QuickTime.framework */ = {isa = PBXFileReference; lastKnownFileType = wrapper.framework; name = QuickTime.framework; path = /System/Library/Frameworks/QuickTime.framework; sourceTree = "<absolute>"; };
		E4B69B5B0A3A1756003C02F2 /* emptySDLExampleDebug.app */ = {isa = PBXFileReference; explicitFileType = wrapper.application; includeInIndex = 0; path = emptySDLExampleDebug.app; sourceTree = BUILT_PRODUCTS_DIR; };
		E4B69E1D0A3A1BDC003C02F2 /* main.cpp */ = {isa = PBXFileReference; fileEncoding = 30; lastKnownFileType = sourcecode.cpp.cpp; path = main.cpp; sourceTree = "<group>"; };
		E4B69E1E0A3A1BDC003C02F2 /* testApp.cpp */ = {isa = PBXFileReference; explicitFileType = sourcecode.cpp.cpp; fileEncoding = 30; name = testApp.cpp; path = src/testApp.cpp; sourceTree = SOURCE_ROOT; };
		E4B69E1F0A3A1BDC003C02F2 /* testApp.h */ = {isa = PBXFileReference; fileEncoding = 30; lastKnownFileType = sourcecode.c.h; name = testApp.h; path = src/testApp.h; sourceTree = SOURCE_ROOT; };
		E4B6FCAD0C3E899E008CF71C /* openFrameworks-Info.plist */ = {isa = PBXFileReference; fileEncoding = 30; lastKnownFileType = text.plist.xml; path = "openFrameworks-Info.plist"; sourceTree = "<group>"; };
		E4C2421610CC549C004149E2 /* openFrameworksLib.xcodeproj */ = {isa = PBXFileReference; lastKnownFileType = "wrapper.pb-project"; path = openFrameworksLib.xcodeproj; sourceTree = "<group>"; };
		E4C2424410CC5A17004149E2 /* AppKit.framework */ = {isa = PBXFileReference; lastKnownFileType = wrapper.framework; name = AppKit.framework; path = /System/Library/Frameworks/AppKit.framework; sourceTree = "<absolute>"; };
		E4C2424510CC5A17004149E2 /* Cocoa.framework */ = {isa = PBXFileReference; lastKnownFileType = wrapper.framework; name = Cocoa.framework; path = /System/Library/Frameworks/Cocoa.framework; sourceTree = "<absolute>"; };
		E4C2424610CC5A17004149E2 /* IOKit.framework */ = {isa = PBXFileReference; lastKnownFileType = wrapper.framework; name = IOKit.framework; path = /System/Library/Frameworks/IOKit.framework; sourceTree = "<absolute>"; };
		E4C2427A10CC5B66004149E2 /* CppUnit.a */ = {isa = PBXFileReference; lastKnownFileType = archive.ar; name = CppUnit.a; path = osx/CppUnit.a; sourceTree = "<group>"; };
		E4C2427B10CC5B66004149E2 /* PocoFoundation.a */ = {isa = PBXFileReference; lastKnownFileType = archive.ar; name = PocoFoundation.a; path = osx/PocoFoundation.a; sourceTree = "<group>"; };
		E4C2427C10CC5B66004149E2 /* PocoNet.a */ = {isa = PBXFileReference; lastKnownFileType = archive.ar; name = PocoNet.a; path = osx/PocoNet.a; sourceTree = "<group>"; };
		E4C2427D10CC5B66004149E2 /* PocoUtil.a */ = {isa = PBXFileReference; lastKnownFileType = archive.ar; name = PocoUtil.a; path = osx/PocoUtil.a; sourceTree = "<group>"; };
		E4C2427E10CC5B66004149E2 /* PocoXML.a */ = {isa = PBXFileReference; lastKnownFileType = archive.ar; name = PocoXML.a; path = osx/PocoXML.a; sourceTree = "<group>"; };
		E4C2429310CC5C38004149E2 /* freetype.a */ = {isa = PBXFileReference; lastKnownFileType = archive.ar; name = freetype.a; path = osx/freetype.a; sourceTree = "<group>"; };
		E4C242CC10CC650E004149E2 /* libfmodex.dylib */ = {isa = PBXFileReference; lastKnownFileType = "compiled.mach-o.dylib"; name = libfmodex.dylib; path = osx/libfmodex.dylib; sourceTree = "<group>"; };
		E4C246D910CCAE22004149E2 /* freeimage.a */ = {isa = PBXFileReference; lastKnownFileType = archive.ar; name = freeimage.a; path = osx/freeimage.a; sourceTree = "<group>"; };
/* End PBXFileReference section */

/* Begin PBXFrameworksBuildPhase section */
		E4B69B590A3A1756003C02F2 /* Frameworks */ = {
			isa = PBXFrameworksBuildPhase;
			buildActionMask = 2147483647;
			files = (
				535494671114D32200A4CAE3 /* openFrameworksDebug.a in Frameworks */,
				5354946A1114D33E00A4CAE3 /* GLee.a in Frameworks */,
				E45BE2E40E8CC69C009D7055 /* rtAudio.a in Frameworks */,
				E45BE97B0E8CC7DD009D7055 /* AGL.framework in Frameworks */,
				E45BE97C0E8CC7DD009D7055 /* ApplicationServices.framework in Frameworks */,
				E45BE97D0E8CC7DD009D7055 /* AudioToolbox.framework in Frameworks */,
				E45BE97E0E8CC7DD009D7055 /* Carbon.framework in Frameworks */,
				E45BE97F0E8CC7DD009D7055 /* CoreAudio.framework in Frameworks */,
				E45BE9800E8CC7DD009D7055 /* CoreFoundation.framework in Frameworks */,
				E45BE9810E8CC7DD009D7055 /* CoreServices.framework in Frameworks */,
				E45BE9830E8CC7DD009D7055 /* OpenGL.framework in Frameworks */,
				E45BE9840E8CC7DD009D7055 /* QuickTime.framework in Frameworks */,
				E4C2424710CC5A17004149E2 /* AppKit.framework in Frameworks */,
				E4C2424810CC5A17004149E2 /* Cocoa.framework in Frameworks */,
				E4C2424910CC5A17004149E2 /* IOKit.framework in Frameworks */,
				E4C2427F10CC5B66004149E2 /* CppUnit.a in Frameworks */,
				53548FA21114245A00A4CAE3 /* SDL.framework in Frameworks */,
				E4C2428010CC5B66004149E2 /* PocoFoundation.a in Frameworks */,
				E4C2428110CC5B66004149E2 /* PocoNet.a in Frameworks */,
				E4C2428210CC5B66004149E2 /* PocoUtil.a in Frameworks */,
				E4C2428310CC5B66004149E2 /* PocoXML.a in Frameworks */,
				5354946D1114D3C000A4CAE3 /* freetype.a in Frameworks */,
				5354946B1114D36500A4CAE3 /* libfmodex.dylib in Frameworks */,
				E4C246DA10CCAE22004149E2 /* freeimage.a in Frameworks */,
			);
			runOnlyForDeploymentPostprocessing = 0;
		};
/* End PBXFrameworksBuildPhase section */

/* Begin PBXGroup section */
		53548F981114241300A4CAE3 /* addons */ = {
			isa = PBXGroup;
			children = (
				53548F9A1114245A00A4CAE3 /* ofxSDL */,
			);
			path = addons;
			sourceTree = "<group>";
		};
		53548F9A1114245A00A4CAE3 /* ofxSDL */ = {
			isa = PBXGroup;
			children = (
				53548F9B1114245A00A4CAE3 /* libs */,
				53548F9D1114245A00A4CAE3 /* src */,
			);
			path = ofxSDL;
			sourceTree = "<group>";
		};
		53548F9B1114245A00A4CAE3 /* libs */ = {
			isa = PBXGroup;
			children = (
				53548F9C1114245A00A4CAE3 /* SDL.framework */,
			);
			path = libs;
			sourceTree = "<group>";
		};
		53548F9D1114245A00A4CAE3 /* src */ = {
			isa = PBXGroup;
			children = (
				53548F9E1114245A00A4CAE3 /* ofxSDL.h */,
				5354918F111447CA00A4CAE3 /* ofxSDLEvents.h */,
				53548F9F1114245A00A4CAE3 /* ofxSDLApp.h */,
				53548FA11114245A00A4CAE3 /* ofxSDLAppWindow.h */,
				53548FA01114245A00A4CAE3 /* ofxSDLAppWindow.cpp */,
				5354901D1114281000A4CAE3 /* SDLMain.h */,
				5354901E1114281000A4CAE3 /* SDLMain.m */,
			);
			path = src;
			sourceTree = "<group>";
		};
		535493601114CCFC00A4CAE3 /* Products */ = {
			isa = PBXGroup;
			children = (
				535493641114CCFC00A4CAE3 /* openFrameworksDebug.a */,
			);
			name = Products;
			sourceTree = "<group>";
		};
		5354940A1114D02500A4CAE3 /* openFrameworks */ = {
			isa = PBXGroup;
			children = (
				53548F981114241300A4CAE3 /* addons */,
				E45BE0480E8CC657009D7055 /* core libraries */,
				E45BE5980E8CC70C009D7055 /* core frameworks */,
			);
			name = openFrameworks;
			path = ../../..;
			sourceTree = SOURCE_ROOT;
		};
		E45BE0370E8CC647009D7055 /* FreeImage */ = {
			isa = PBXGroup;
			children = (
				E45BE0380E8CC647009D7055 /* include */,
				E4C246D810CCAE22004149E2 /* lib */,
			);
			path = FreeImage;
			sourceTree = "<group>";
		};
		E45BE0380E8CC647009D7055 /* include */ = {
			isa = PBXGroup;
			children = (
				E45BE0390E8CC647009D7055 /* FreeImage.h */,
			);
			path = include;
			sourceTree = "<group>";
		};
		E45BE03D0E8CC650009D7055 /* fmodex */ = {
			isa = PBXGroup;
			children = (
				E45BE03E0E8CC650009D7055 /* include */,
				E4C2428E10CC5C18004149E2 /* lib */,
			);
			path = fmodex;
			sourceTree = "<group>";
		};
		E45BE03E0E8CC650009D7055 /* include */ = {
			isa = PBXGroup;
			children = (
				E45BE03F0E8CC650009D7055 /* fmod.h */,
				E45BE0400E8CC650009D7055 /* fmod.hpp */,
				E45BE0410E8CC650009D7055 /* fmod_codec.h */,
				E45BE0420E8CC650009D7055 /* fmod_dsp.h */,
				E45BE0430E8CC650009D7055 /* fmod_errors.h */,
				E45BE0440E8CC650009D7055 /* fmod_output.h */,
			);
			path = include;
			sourceTree = "<group>";
		};
		E45BE0480E8CC657009D7055 /* core libraries */ = {
			isa = PBXGroup;
			children = (
				E4C2422310CC54B6004149E2 /* openFrameworks */,
				E45BEC7B0E8CC911009D7055 /* poco */,
				E45BE2D50E8CC69C009D7055 /* rtAudio */,
				E45BE0A50E8CC67C009D7055 /* glee */,
				E45BE0490E8CC676009D7055 /* freetype */,
				E45BE03D0E8CC650009D7055 /* fmodex */,
				E45BE0370E8CC647009D7055 /* FreeImage */,
			);
			name = "core libraries";
			path = libs;
			sourceTree = "<group>";
		};
		E45BE0490E8CC676009D7055 /* freetype */ = {
			isa = PBXGroup;
			children = (
				E4C2429210CC5C38004149E2 /* lib */,
			);
			path = freetype;
			sourceTree = "<group>";
		};
		E45BE0A50E8CC67C009D7055 /* glee */ = {
			isa = PBXGroup;
			children = (
				E45BE0A60E8CC67C009D7055 /* include */,
				E45BE0A80E8CC67C009D7055 /* lib */,
			);
			path = glee;
			sourceTree = "<group>";
		};
		E45BE0A60E8CC67C009D7055 /* include */ = {
			isa = PBXGroup;
			children = (
				E45BE0A70E8CC67C009D7055 /* GLee.h */,
			);
			path = include;
			sourceTree = "<group>";
		};
		E45BE0A80E8CC67C009D7055 /* lib */ = {
			isa = PBXGroup;
			children = (
				E45BE0A90E8CC67C009D7055 /* GLee.a */,
			);
			path = lib;
			sourceTree = "<group>";
		};
		E45BE2D50E8CC69C009D7055 /* rtAudio */ = {
			isa = PBXGroup;
			children = (
				E45BE2D60E8CC69C009D7055 /* include */,
				E45BE2E20E8CC69C009D7055 /* lib */,
			);
			path = rtAudio;
			sourceTree = "<group>";
		};
		E45BE2D60E8CC69C009D7055 /* include */ = {
			isa = PBXGroup;
			children = (
				E45BE2E00E8CC69C009D7055 /* RtAudio.h */,
				E45BE2E10E8CC69C009D7055 /* RtError.h */,
			);
			path = include;
			sourceTree = "<group>";
		};
		E45BE2E20E8CC69C009D7055 /* lib */ = {
			isa = PBXGroup;
			children = (
				E45BE2E30E8CC69C009D7055 /* rtAudio.a */,
			);
			path = lib;
			sourceTree = "<group>";
		};
		E45BE5980E8CC70C009D7055 /* core frameworks */ = {
			isa = PBXGroup;
			children = (
				E4C2424410CC5A17004149E2 /* AppKit.framework */,
				E4C2424510CC5A17004149E2 /* Cocoa.framework */,
				E4C2424610CC5A17004149E2 /* IOKit.framework */,
				E45BE9710E8CC7DD009D7055 /* AGL.framework */,
				E45BE9720E8CC7DD009D7055 /* ApplicationServices.framework */,
				E45BE9730E8CC7DD009D7055 /* AudioToolbox.framework */,
				E45BE9740E8CC7DD009D7055 /* Carbon.framework */,
				E45BE9750E8CC7DD009D7055 /* CoreAudio.framework */,
				E45BE9760E8CC7DD009D7055 /* CoreFoundation.framework */,
				E45BE9770E8CC7DD009D7055 /* CoreServices.framework */,
				E45BE9790E8CC7DD009D7055 /* OpenGL.framework */,
				E45BE97A0E8CC7DD009D7055 /* QuickTime.framework */,
			);
			name = "core frameworks";
			path = libs;
			sourceTree = "<group>";
		};
		E45BEC7B0E8CC911009D7055 /* poco */ = {
			isa = PBXGroup;
			children = (
				E4C2427910CC5B66004149E2 /* lib */,
			);
			path = poco;
			sourceTree = "<group>";
		};
		E4B69B4A0A3A1720003C02F2 = {
			isa = PBXGroup;
			children = (
				E4B69B5B0A3A1756003C02F2 /* emptySDLExampleDebug.app */,
				E4B6FCAD0C3E899E008CF71C /* openFrameworks-Info.plist */,
				E4B69E1C0A3A1BDC003C02F2 /* src */,
				5354940A1114D02500A4CAE3 /* openFrameworks */,
			);
			sourceTree = "<group>";
		};
		E4B69E1C0A3A1BDC003C02F2 /* src */ = {
			isa = PBXGroup;
			children = (
				E4B69E1D0A3A1BDC003C02F2 /* main.cpp */,
				E4B69E1F0A3A1BDC003C02F2 /* testApp.h */,
				E4B69E1E0A3A1BDC003C02F2 /* testApp.cpp */,
			);
			path = src;
			sourceTree = SOURCE_ROOT;
		};
		E4C2422310CC54B6004149E2 /* openFrameworks */ = {
			isa = PBXGroup;
			children = (
				E4C2421610CC549C004149E2 /* openFrameworksLib.xcodeproj */,
			);
			name = openFrameworks;
			path = openFrameworksCompiled/project/osx;
			sourceTree = "<group>";
		};
		E4C2427910CC5B66004149E2 /* lib */ = {
			isa = PBXGroup;
			children = (
				E4C2427A10CC5B66004149E2 /* CppUnit.a */,
				E4C2427B10CC5B66004149E2 /* PocoFoundation.a */,
				E4C2427C10CC5B66004149E2 /* PocoNet.a */,
				E4C2427D10CC5B66004149E2 /* PocoUtil.a */,
				E4C2427E10CC5B66004149E2 /* PocoXML.a */,
			);
			path = lib;
			sourceTree = "<group>";
		};
		E4C2428E10CC5C18004149E2 /* lib */ = {
			isa = PBXGroup;
			children = (
				E4C242CC10CC650E004149E2 /* libfmodex.dylib */,
			);
			path = lib;
			sourceTree = "<group>";
		};
		E4C2429210CC5C38004149E2 /* lib */ = {
			isa = PBXGroup;
			children = (
				E4C2429310CC5C38004149E2 /* freetype.a */,
			);
			path = lib;
			sourceTree = "<group>";
		};
		E4C246D810CCAE22004149E2 /* lib */ = {
			isa = PBXGroup;
			children = (
				E4C246D910CCAE22004149E2 /* freeimage.a */,
			);
			path = lib;
			sourceTree = "<group>";
		};
/* End PBXGroup section */

/* Begin PBXNativeTarget section */
		E4B69B5A0A3A1756003C02F2 /* emptySDLExample */ = {
			isa = PBXNativeTarget;
			buildConfigurationList = E4B69B5F0A3A1757003C02F2 /* Build configuration list for PBXNativeTarget "emptySDLExample" */;
			buildPhases = (
				E4B69B580A3A1756003C02F2 /* Sources */,
				E4B69B590A3A1756003C02F2 /* Frameworks */,
				E4B6FFFD0C3F9AB9008CF71C /* ShellScript */,
				E4C2427710CC5ABF004149E2 /* CopyFiles */,
			);
			buildRules = (
			);
			dependencies = (
			);
			name = emptySDLExample;
			productName = myOFApp;
			productReference = E4B69B5B0A3A1756003C02F2 /* emptySDLExampleDebug.app */;
			productType = "com.apple.product-type.application";
		};
/* End PBXNativeTarget section */

/* Begin PBXProject section */
		E4B69B4C0A3A1720003C02F2 /* Project object */ = {
			isa = PBXProject;
			buildConfigurationList = E4B69B4D0A3A1720003C02F2 /* Build configuration list for PBXProject "emptySDLExample" */;
			compatibilityVersion = "Xcode 2.4";
			hasScannedForEncodings = 0;
			mainGroup = E4B69B4A0A3A1720003C02F2;
			productRefGroup = E4B69B4A0A3A1720003C02F2;
			projectDirPath = "";
			projectReferences = (
				{
					ProductGroup = 535493601114CCFC00A4CAE3 /* Products */;
					ProjectRef = E4C2421610CC549C004149E2 /* openFrameworksLib.xcodeproj */;
				},
			);
			projectRoot = "";
			targets = (
				E4B69B5A0A3A1756003C02F2 /* emptySDLExample */,
			);
		};
/* End PBXProject section */

/* Begin PBXReferenceProxy section */
		535493641114CCFC00A4CAE3 /* openFrameworksDebug.a */ = {
			isa = PBXReferenceProxy;
			fileType = archive.ar;
			path = openFrameworksDebug.a;
			remoteRef = 535493631114CCFC00A4CAE3 /* PBXContainerItemProxy */;
			sourceTree = BUILT_PRODUCTS_DIR;
		};
/* End PBXReferenceProxy section */

/* Begin PBXShellScriptBuildPhase section */
		E4B6FFFD0C3F9AB9008CF71C /* ShellScript */ = {
			isa = PBXShellScriptBuildPhase;
			buildActionMask = 2147483647;
			files = (
			);
			inputPaths = (
			);
			outputPaths = (
			);
			runOnlyForDeploymentPostprocessing = 0;
			shellPath = /bin/sh;
			shellScript = "cp -f ../../../libs/fmodex/lib/osx/libfmodex.dylib \"$TARGET_BUILD_DIR/$PRODUCT_NAME.app/Contents/MacOS/libfmodex.dylib\"\ninstall_name_tool -change ./libfmodex.dylib @executable_path/libfmodex.dylib \"$TARGET_BUILD_DIR/$PRODUCT_NAME.app/Contents/MacOS/$PRODUCT_NAME\" ";
		};
/* End PBXShellScriptBuildPhase section */

/* Begin PBXSourcesBuildPhase section */
		E4B69B580A3A1756003C02F2 /* Sources */ = {
			isa = PBXSourcesBuildPhase;
			buildActionMask = 2147483647;
			files = (
				535494871114D50400A4CAE3 /* SDLMain.m in Sources */,
				E4B69E200A3A1BDC003C02F2 /* main.cpp in Sources */,
				E4B69E210A3A1BDC003C02F2 /* testApp.cpp in Sources */,
				53548FA31114245A00A4CAE3 /* ofxSDLAppWindow.cpp in Sources */,
			);
			runOnlyForDeploymentPostprocessing = 0;
		};
/* End PBXSourcesBuildPhase section */

/* Begin XCBuildConfiguration section */
		E4B27CA010CBF8A600536013 /* ReleaseUniversal */ = {
			isa = XCBuildConfiguration;
			buildSettings = {
				ARCHS = (
					ppc,
					i386,
				);
				CONFIGURATION_BUILD_DIR = "$(SRCROOT)/bin/";
				COPY_PHASE_STRIP = YES;
				DEAD_CODE_STRIPPING = YES;
				GCC_AUTO_VECTORIZATION = YES;
				GCC_ENABLE_SSE3_EXTENSIONS = YES;
				GCC_ENABLE_SUPPLEMENTAL_SSE3_INSTRUCTIONS = YES;
				GCC_INLINES_ARE_PRIVATE_EXTERN = NO;
				GCC_MODEL_TUNING = G5;
				GCC_OPTIMIZATION_LEVEL = 3;
				GCC_SYMBOLS_PRIVATE_EXTERN = NO;
				GCC_UNROLL_LOOPS = YES;
				GCC_WARN_ABOUT_DEPRECATED_FUNCTIONS = NO;
				GCC_WARN_ABOUT_INVALID_OFFSETOF_MACRO = NO;
				GCC_WARN_ALLOW_INCOMPLETE_PROTOCOL = NO;
				GCC_WARN_UNINITIALIZED_AUTOS = NO;
				GCC_WARN_UNUSED_VALUE = NO;
				GCC_WARN_UNUSED_VARIABLE = NO;
				HEADER_SEARCH_PATHS = (
					"../../../libs/openFrameworks/**",
					../../../libs/freetype/include/,
					../../../libs/freetype/include/freetype2,
					../../../libs/poco/include,
				);
				OTHER_CPLUSPLUSFLAGS = (
					"-D__MACOSX_CORE__",
					"-lpthread",
				);
				OTHER_LDFLAGS = "";
				SDKROOT = /Developer/SDKs/MacOSX10.5.sdk;
			};
			name = ReleaseUniversal;
		};
		E4B27CA110CBF8A600536013 /* ReleaseUniversal */ = {
			isa = XCBuildConfiguration;
			buildSettings = {
				COPY_PHASE_STRIP = YES;
				FRAMEWORK_SEARCH_PATHS = (
					"$(inherited)",
					"$(FRAMEWORK_SEARCH_PATHS_QUOTED_FOR_TARGET_1)",
					"$(FRAMEWORK_SEARCH_PATHS_QUOTED_FOR_TARGET_2)",
					"$(FRAMEWORK_SEARCH_PATHS_QUOTED_FOR_TARGET_3)",
				);
				FRAMEWORK_SEARCH_PATHS_QUOTED_FOR_TARGET_1 = "\"$(SRCROOT)/../../../libs/glut/lib/osx\"";
				FRAMEWORK_SEARCH_PATHS_QUOTED_FOR_TARGET_2 = "\"$(SRCROOT)/../../../addons/ofxSDL/libs\"";
				FRAMEWORK_SEARCH_PATHS_QUOTED_FOR_TARGET_3 = "\"$(SRCROOT)/../../libs\"";
				GCC_ENABLE_FIX_AND_CONTINUE = NO;
				GCC_GENERATE_DEBUGGING_SYMBOLS = NO;
				GCC_MODEL_TUNING = G4;
				GCC_PRECOMPILE_PREFIX_HEADER = YES;
				GCC_PREFIX_HEADER = "$(SYSTEM_LIBRARY_DIR)/Frameworks/Carbon.framework/Headers/Carbon.h";
				INFOPLIST_FILE = "openFrameworks-Info.plist";
				INSTALL_PATH = "$(HOME)/Applications";
				LIBRARY_SEARCH_PATHS = (
					"$(inherited)",
					"$(LIBRARY_SEARCH_PATHS_QUOTED_FOR_TARGET_1)",
					"$(LIBRARY_SEARCH_PATHS_QUOTED_FOR_TARGET_2)",
					"$(LIBRARY_SEARCH_PATHS_QUOTED_FOR_TARGET_3)",
					"$(LIBRARY_SEARCH_PATHS_QUOTED_FOR_TARGET_4)",
					"$(LIBRARY_SEARCH_PATHS_QUOTED_FOR_TARGET_5)",
					"$(LIBRARY_SEARCH_PATHS_QUOTED_FOR_TARGET_6)",
					"$(LIBRARY_SEARCH_PATHS_QUOTED_FOR_TARGET_7)",
					"$(LIBRARY_SEARCH_PATHS_QUOTED_FOR_TARGET_8)",
					"$(LIBRARY_SEARCH_PATHS_QUOTED_FOR_TARGET_9)",
					"$(LIBRARY_SEARCH_PATHS_QUOTED_FOR_TARGET_10)",
					"$(LIBRARY_SEARCH_PATHS_QUOTED_FOR_TARGET_11)",
					"$(LIBRARY_SEARCH_PATHS_QUOTED_FOR_TARGET_12)",
					"$(LIBRARY_SEARCH_PATHS_QUOTED_FOR_TARGET_13)",
					"$(LIBRARY_SEARCH_PATHS_QUOTED_FOR_TARGET_14)",
					"$(LIBRARY_SEARCH_PATHS_QUOTED_FOR_TARGET_15)",
					"$(LIBRARY_SEARCH_PATHS_QUOTED_FOR_TARGET_2)",
					"$(LIBRARY_SEARCH_PATHS_QUOTED_FOR_TARGET_3)",
					"$(LIBRARY_SEARCH_PATHS_QUOTED_FOR_TARGET_7)",
					"$(LIBRARY_SEARCH_PATHS_QUOTED_FOR_TARGET_8)",
					"$(LIBRARY_SEARCH_PATHS_QUOTED_FOR_TARGET_9)",
				);
				LIBRARY_SEARCH_PATHS_QUOTED_FOR_TARGET_1 = "\"$(SRCROOT)/../../../libs/freeimage/lib/osx\"";
				LIBRARY_SEARCH_PATHS_QUOTED_FOR_TARGET_14 = "\"$(SRCROOT)/../../../libs/fmodex/lib/osx\"";
				LIBRARY_SEARCH_PATHS_QUOTED_FOR_TARGET_15 = "\"$(SRCROOT)/../../../libs/freetype/lib/osx\"";
				LIBRARY_SEARCH_PATHS_QUOTED_FOR_TARGET_2 = "\"$(SRCROOT)/../../../libs/FreeImage/lib/osx\"";
				LIBRARY_SEARCH_PATHS_QUOTED_FOR_TARGET_3 = "\"$(SRCROOT)/../../../../libs/glee/lib/osx\"";
				LIBRARY_SEARCH_PATHS_QUOTED_FOR_TARGET_4 = "\"$(SRCROOT)/../../../libs/GLee/lib/osx\"";
				LIBRARY_SEARCH_PATHS_QUOTED_FOR_TARGET_5 = "\"$(SRCROOT)/../../../libs/poco/lib/osx\"";
				LIBRARY_SEARCH_PATHS_QUOTED_FOR_TARGET_6 = "\"$(SRCROOT)/../../../libs/rtAudio/lib/osx\"";
				LIBRARY_SEARCH_PATHS_QUOTED_FOR_TARGET_7 = "\"$(SRCROOT)/../../../../libs/poco/lib/osx\"";
				LIBRARY_SEARCH_PATHS_QUOTED_FOR_TARGET_8 = "\"$(SRCROOT)/../../../../libs/fmodex/lib/osx\"";
				LIBRARY_SEARCH_PATHS_QUOTED_FOR_TARGET_9 = "\"$(SRCROOT)/../../../../libs/freetype/lib/osx\"";
				PREBINDING = NO;
				PRODUCT_NAME = "$(TARGET_NAME)Universal";
				WRAPPER_EXTENSION = app;
				ZERO_LINK = NO;
			};
			name = ReleaseUniversal;
		};
		E4B69B4E0A3A1720003C02F2 /* Debug */ = {
			isa = XCBuildConfiguration;
			buildSettings = {
				ARCHS = "$(NATIVE_ARCH)";
				CONFIGURATION_BUILD_DIR = "$(SRCROOT)/bin/";
				COPY_PHASE_STRIP = NO;
				DEAD_CODE_STRIPPING = YES;
				FRAMEWORK_SEARCH_PATHS = "../../../addons/**";
				GCC_AUTO_VECTORIZATION = YES;
				GCC_ENABLE_SSE3_EXTENSIONS = YES;
				GCC_ENABLE_SUPPLEMENTAL_SSE3_INSTRUCTIONS = YES;
				GCC_INLINES_ARE_PRIVATE_EXTERN = NO;
				GCC_MODEL_TUNING = G5;
				GCC_SYMBOLS_PRIVATE_EXTERN = NO;
				GCC_WARN_ABOUT_DEPRECATED_FUNCTIONS = NO;
				GCC_WARN_ABOUT_INVALID_OFFSETOF_MACRO = NO;
				GCC_WARN_ALLOW_INCOMPLETE_PROTOCOL = NO;
				GCC_WARN_UNINITIALIZED_AUTOS = NO;
				GCC_WARN_UNUSED_VALUE = NO;
				GCC_WARN_UNUSED_VARIABLE = NO;
				HEADER_SEARCH_PATHS = (
					../../../addons/ofxSDL/libs/SDL.framework/Headers,
					"../../../addons/**",
					"../../../libs/openFrameworks/**",
					../../../libs/freetype/include/,
					../../../libs/freetype/include/freetype2,
					../../../libs/poco/include,
				);
				LIBRARY_SEARCH_PATHS = "";
				OTHER_CPLUSPLUSFLAGS = "";
				OTHER_LDFLAGS = "";
				SDKROOT = /Developer/SDKs/MacOSX10.5.sdk;
			};
			name = Debug;
		};
		E4B69B4F0A3A1720003C02F2 /* Release */ = {
			isa = XCBuildConfiguration;
			buildSettings = {
				ARCHS = "$(NATIVE_ARCH)";
				CONFIGURATION_BUILD_DIR = "$(SRCROOT)/bin/";
				COPY_PHASE_STRIP = YES;
				DEAD_CODE_STRIPPING = YES;
				GCC_AUTO_VECTORIZATION = YES;
				GCC_ENABLE_SSE3_EXTENSIONS = YES;
				GCC_ENABLE_SUPPLEMENTAL_SSE3_INSTRUCTIONS = YES;
				GCC_INLINES_ARE_PRIVATE_EXTERN = NO;
				GCC_MODEL_TUNING = G5;
				GCC_OPTIMIZATION_LEVEL = 3;
				GCC_SYMBOLS_PRIVATE_EXTERN = NO;
				GCC_UNROLL_LOOPS = YES;
				GCC_WARN_ABOUT_DEPRECATED_FUNCTIONS = NO;
				GCC_WARN_ABOUT_INVALID_OFFSETOF_MACRO = NO;
				GCC_WARN_ALLOW_INCOMPLETE_PROTOCOL = NO;
				GCC_WARN_UNINITIALIZED_AUTOS = NO;
				GCC_WARN_UNUSED_VALUE = NO;
				GCC_WARN_UNUSED_VARIABLE = NO;
				HEADER_SEARCH_PATHS = (
					"../../../libs/openFrameworks/**",
					../../../libs/freetype/include/,
					../../../libs/freetype/include/freetype2,
					../../../libs/poco/include,
				);
				OTHER_CPLUSPLUSFLAGS = (
					"-D__MACOSX_CORE__",
					"-lpthread",
				);
				OTHER_LDFLAGS = "";
				SDKROOT = /Developer/SDKs/MacOSX10.5.sdk;
			};
			name = Release;
		};
		E4B69B600A3A1757003C02F2 /* Debug */ = {
			isa = XCBuildConfiguration;
			buildSettings = {
				COPY_PHASE_STRIP = NO;
				FRAMEWORK_SEARCH_PATHS = (
					"$(inherited)",
					"$(FRAMEWORK_SEARCH_PATHS_QUOTED_FOR_TARGET_1)",
					"$(FRAMEWORK_SEARCH_PATHS_QUOTED_FOR_TARGET_2)",
					"$(FRAMEWORK_SEARCH_PATHS_QUOTED_FOR_TARGET_3)",
				);
				FRAMEWORK_SEARCH_PATHS_QUOTED_FOR_TARGET_1 = "\"$(SRCROOT)/../../../libs/glut/lib/osx\"";
				FRAMEWORK_SEARCH_PATHS_QUOTED_FOR_TARGET_2 = "\"$(SRCROOT)/../../../addons/ofxSDL/libs\"";
				FRAMEWORK_SEARCH_PATHS_QUOTED_FOR_TARGET_3 = "\"$(SRCROOT)/../../libs\"";
				GCC_DYNAMIC_NO_PIC = NO;
				GCC_ENABLE_FIX_AND_CONTINUE = YES;
				GCC_GENERATE_DEBUGGING_SYMBOLS = YES;
				GCC_MODEL_TUNING = G4;
				GCC_OPTIMIZATION_LEVEL = 0;
				GCC_PRECOMPILE_PREFIX_HEADER = YES;
				GCC_PREFIX_HEADER = "$(SYSTEM_LIBRARY_DIR)/Frameworks/Carbon.framework/Headers/Carbon.h";
				INFOPLIST_FILE = "openFrameworks-Info.plist";
				INSTALL_PATH = "$(HOME)/Applications";
				LIBRARY_SEARCH_PATHS = (
					"$(inherited)",
					"$(LIBRARY_SEARCH_PATHS_QUOTED_FOR_TARGET_1)",
					"$(LIBRARY_SEARCH_PATHS_QUOTED_FOR_TARGET_2)",
					"$(LIBRARY_SEARCH_PATHS_QUOTED_FOR_TARGET_3)",
					"$(LIBRARY_SEARCH_PATHS_QUOTED_FOR_TARGET_4)",
					"$(LIBRARY_SEARCH_PATHS_QUOTED_FOR_TARGET_5)",
					"$(LIBRARY_SEARCH_PATHS_QUOTED_FOR_TARGET_6)",
					"$(LIBRARY_SEARCH_PATHS_QUOTED_FOR_TARGET_7)",
					"$(LIBRARY_SEARCH_PATHS_QUOTED_FOR_TARGET_8)",
					"$(LIBRARY_SEARCH_PATHS_QUOTED_FOR_TARGET_9)",
					"$(LIBRARY_SEARCH_PATHS_QUOTED_FOR_TARGET_10)",
					"$(LIBRARY_SEARCH_PATHS_QUOTED_FOR_TARGET_11)",
					"$(LIBRARY_SEARCH_PATHS_QUOTED_FOR_TARGET_12)",
					"$(LIBRARY_SEARCH_PATHS_QUOTED_FOR_TARGET_13)",
					"$(LIBRARY_SEARCH_PATHS_QUOTED_FOR_TARGET_14)",
					"$(LIBRARY_SEARCH_PATHS_QUOTED_FOR_TARGET_15)",
					"$(LIBRARY_SEARCH_PATHS_QUOTED_FOR_TARGET_2)",
					"$(LIBRARY_SEARCH_PATHS_QUOTED_FOR_TARGET_3)",
					"$(LIBRARY_SEARCH_PATHS_QUOTED_FOR_TARGET_7)",
					"$(LIBRARY_SEARCH_PATHS_QUOTED_FOR_TARGET_8)",
					"$(LIBRARY_SEARCH_PATHS_QUOTED_FOR_TARGET_9)",
				);
				LIBRARY_SEARCH_PATHS_QUOTED_FOR_TARGET_1 = "\"$(SRCROOT)/../../../libs/freeimage/lib/osx\"";
				LIBRARY_SEARCH_PATHS_QUOTED_FOR_TARGET_14 = "\"$(SRCROOT)/../../../libs/fmodex/lib/osx\"";
				LIBRARY_SEARCH_PATHS_QUOTED_FOR_TARGET_15 = "\"$(SRCROOT)/../../../libs/freetype/lib/osx\"";
				LIBRARY_SEARCH_PATHS_QUOTED_FOR_TARGET_2 = "\"$(SRCROOT)/../../../libs/FreeImage/lib/osx\"";
				LIBRARY_SEARCH_PATHS_QUOTED_FOR_TARGET_3 = "\"$(SRCROOT)/../../../../libs/glee/lib/osx\"";
				LIBRARY_SEARCH_PATHS_QUOTED_FOR_TARGET_4 = "\"$(SRCROOT)/../../../libs/GLee/lib/osx\"";
				LIBRARY_SEARCH_PATHS_QUOTED_FOR_TARGET_5 = "\"$(SRCROOT)/../../../libs/poco/lib/osx\"";
				LIBRARY_SEARCH_PATHS_QUOTED_FOR_TARGET_6 = "\"$(SRCROOT)/../../../libs/rtAudio/lib/osx\"";
				LIBRARY_SEARCH_PATHS_QUOTED_FOR_TARGET_7 = "\"$(SRCROOT)/../../../../libs/poco/lib/osx\"";
				LIBRARY_SEARCH_PATHS_QUOTED_FOR_TARGET_8 = "\"$(SRCROOT)/../../../../libs/fmodex/lib/osx\"";
				LIBRARY_SEARCH_PATHS_QUOTED_FOR_TARGET_9 = "\"$(SRCROOT)/../../../../libs/freetype/lib/osx\"";
				PREBINDING = NO;
				PRODUCT_NAME = "$(TARGET_NAME)Debug";
				WRAPPER_EXTENSION = app;
				ZERO_LINK = NO;
			};
			name = Debug;
		};
		E4B69B610A3A1757003C02F2 /* Release */ = {
			isa = XCBuildConfiguration;
			buildSettings = {
				COPY_PHASE_STRIP = YES;
				FRAMEWORK_SEARCH_PATHS = (
					"$(inherited)",
					"$(FRAMEWORK_SEARCH_PATHS_QUOTED_FOR_TARGET_1)",
					"$(FRAMEWORK_SEARCH_PATHS_QUOTED_FOR_TARGET_2)",
					"$(FRAMEWORK_SEARCH_PATHS_QUOTED_FOR_TARGET_3)",
				);
				FRAMEWORK_SEARCH_PATHS_QUOTED_FOR_TARGET_1 = "\"$(SRCROOT)/../../../libs/glut/lib/osx\"";
				FRAMEWORK_SEARCH_PATHS_QUOTED_FOR_TARGET_2 = "\"$(SRCROOT)/../../../addons/ofxSDL/libs\"";
				FRAMEWORK_SEARCH_PATHS_QUOTED_FOR_TARGET_3 = "\"$(SRCROOT)/../../libs\"";
				GCC_ENABLE_FIX_AND_CONTINUE = NO;
				GCC_GENERATE_DEBUGGING_SYMBOLS = NO;
				GCC_MODEL_TUNING = G4;
				GCC_PRECOMPILE_PREFIX_HEADER = YES;
				GCC_PREFIX_HEADER = "$(SYSTEM_LIBRARY_DIR)/Frameworks/Carbon.framework/Headers/Carbon.h";
				INFOPLIST_FILE = "openFrameworks-Info.plist";
				INSTALL_PATH = "$(HOME)/Applications";
				LIBRARY_SEARCH_PATHS = (
					"$(inherited)",
					"$(LIBRARY_SEARCH_PATHS_QUOTED_FOR_TARGET_1)",
					"$(LIBRARY_SEARCH_PATHS_QUOTED_FOR_TARGET_2)",
					"$(LIBRARY_SEARCH_PATHS_QUOTED_FOR_TARGET_3)",
					"$(LIBRARY_SEARCH_PATHS_QUOTED_FOR_TARGET_4)",
					"$(LIBRARY_SEARCH_PATHS_QUOTED_FOR_TARGET_5)",
					"$(LIBRARY_SEARCH_PATHS_QUOTED_FOR_TARGET_6)",
					"$(LIBRARY_SEARCH_PATHS_QUOTED_FOR_TARGET_7)",
					"$(LIBRARY_SEARCH_PATHS_QUOTED_FOR_TARGET_8)",
					"$(LIBRARY_SEARCH_PATHS_QUOTED_FOR_TARGET_9)",
					"$(LIBRARY_SEARCH_PATHS_QUOTED_FOR_TARGET_10)",
					"$(LIBRARY_SEARCH_PATHS_QUOTED_FOR_TARGET_11)",
					"$(LIBRARY_SEARCH_PATHS_QUOTED_FOR_TARGET_12)",
					"$(LIBRARY_SEARCH_PATHS_QUOTED_FOR_TARGET_13)",
					"$(LIBRARY_SEARCH_PATHS_QUOTED_FOR_TARGET_14)",
					"$(LIBRARY_SEARCH_PATHS_QUOTED_FOR_TARGET_15)",
					"$(LIBRARY_SEARCH_PATHS_QUOTED_FOR_TARGET_2)",
					"$(LIBRARY_SEARCH_PATHS_QUOTED_FOR_TARGET_3)",
					"$(LIBRARY_SEARCH_PATHS_QUOTED_FOR_TARGET_7)",
					"$(LIBRARY_SEARCH_PATHS_QUOTED_FOR_TARGET_8)",
					"$(LIBRARY_SEARCH_PATHS_QUOTED_FOR_TARGET_9)",
				);
				LIBRARY_SEARCH_PATHS_QUOTED_FOR_TARGET_1 = "\"$(SRCROOT)/../../../libs/freeimage/lib/osx\"";
				LIBRARY_SEARCH_PATHS_QUOTED_FOR_TARGET_14 = "\"$(SRCROOT)/../../../libs/fmodex/lib/osx\"";
				LIBRARY_SEARCH_PATHS_QUOTED_FOR_TARGET_15 = "\"$(SRCROOT)/../../../libs/freetype/lib/osx\"";
				LIBRARY_SEARCH_PATHS_QUOTED_FOR_TARGET_2 = "\"$(SRCROOT)/../../../libs/FreeImage/lib/osx\"";
				LIBRARY_SEARCH_PATHS_QUOTED_FOR_TARGET_3 = "\"$(SRCROOT)/../../../../libs/glee/lib/osx\"";
				LIBRARY_SEARCH_PATHS_QUOTED_FOR_TARGET_4 = "\"$(SRCROOT)/../../../libs/GLee/lib/osx\"";
				LIBRARY_SEARCH_PATHS_QUOTED_FOR_TARGET_5 = "\"$(SRCROOT)/../../../libs/poco/lib/osx\"";
				LIBRARY_SEARCH_PATHS_QUOTED_FOR_TARGET_6 = "\"$(SRCROOT)/../../../libs/rtAudio/lib/osx\"";
				LIBRARY_SEARCH_PATHS_QUOTED_FOR_TARGET_7 = "\"$(SRCROOT)/../../../../libs/poco/lib/osx\"";
				LIBRARY_SEARCH_PATHS_QUOTED_FOR_TARGET_8 = "\"$(SRCROOT)/../../../../libs/fmodex/lib/osx\"";
				LIBRARY_SEARCH_PATHS_QUOTED_FOR_TARGET_9 = "\"$(SRCROOT)/../../../../libs/freetype/lib/osx\"";
				PREBINDING = NO;
				PRODUCT_NAME = "$(TARGET_NAME)";
				WRAPPER_EXTENSION = app;
				ZERO_LINK = NO;
			};
			name = Release;
		};
/* End XCBuildConfiguration section */

/* Begin XCConfigurationList section */
		E4B69B4D0A3A1720003C02F2 /* Build configuration list for PBXProject "emptySDLExample" */ = {
			isa = XCConfigurationList;
			buildConfigurations = (
				E4B69B4E0A3A1720003C02F2 /* Debug */,
				E4B69B4F0A3A1720003C02F2 /* Release */,
				E4B27CA010CBF8A600536013 /* ReleaseUniversal */,
			);
			defaultConfigurationIsVisible = 0;
			defaultConfigurationName = Release;
		};
		E4B69B5F0A3A1757003C02F2 /* Build configuration list for PBXNativeTarget "emptySDLExample" */ = {
			isa = XCConfigurationList;
			buildConfigurations = (
				E4B69B600A3A1757003C02F2 /* Debug */,
				E4B69B610A3A1757003C02F2 /* Release */,
				E4B27CA110CBF8A600536013 /* ReleaseUniversal */,
			);
			defaultConfigurationIsVisible = 0;
			defaultConfigurationName = Release;
		};
/* End XCConfigurationList section */
	};
	rootObject = E4B69B4C0A3A1720003C02F2 /* Project object */;
}
